<?xml version="1.0" encoding="utf-8"?>
<Project ToolsVersion="4.0" xmlns="http://schemas.microsoft.com/developer/msbuild/2003">
  <ItemGroup>
    <ClCompile Include="pch\stdafx.cpp">
      <Filter>pch</Filter>
    </ClCompile>
    <ClCompile Include="src\main.cpp" />
    <ClCompile Include="src\process\Background.cpp">
      <Filter>process</Filter>
    </ClCompile>
    <ClCompile Include="src\process\LaneDetection.cpp">
      <Filter>process</Filter>
    </ClCompile>
    <ClCompile Include="src\process\Registration.cpp">
      <Filter>process</Filter>
    </ClCompile>
    <ClCompile Include="src\functions\GeoConverter.cpp">
      <Filter>functions</Filter>
    </ClCompile>
    <ClCompile Include="src\functions\ImgProcs.cpp">
      <Filter>functions</Filter>
    </ClCompile>
    <ClCompile Include="src\eval\Eval.cpp">
      <Filter>eval</Filter>
    </ClCompile>
    <ClCompile Include="src\resource_provider\ResourceProvider.cpp">
      <Filter>resource_provider</Filter>
    </ClCompile>
  </ItemGroup>
  <ItemGroup>
    <Filter Include="pch">
      <UniqueIdentifier>{cdc01f9e-1467-4f75-a749-83d1403e2da3}</UniqueIdentifier>
    </Filter>
    <Filter Include="process">
      <UniqueIdentifier>{756c9477-fe3c-4923-9303-01176c61abfe}</UniqueIdentifier>
    </Filter>
    <Filter Include="eval">
      <UniqueIdentifier>{64bdd994-cc80-426d-8c6b-d52d826db1a0}</UniqueIdentifier>
    </Filter>
    <Filter Include="functions">
      <UniqueIdentifier>{91934ae8-78ed-431b-8ede-bcb0a7804db8}</UniqueIdentifier>
    </Filter>
    <Filter Include="resource_provider">
      <UniqueIdentifier>{d55c1b8b-2783-4c17-add6-7030d5018ea4}</UniqueIdentifier>
    </Filter>
  </ItemGroup>
  <ItemGroup>
    <ClInclude Include="pch\stdafx.h">
      <Filter>pch</Filter>
    </ClInclude>
    <ClInclude Include="src\Process.h" />
    <ClInclude Include="src\Functions.h" />
    <ClInclude Include="src\eval\Eval.h">
      <Filter>eval</Filter>
    </ClInclude>
    <ClInclude Include="src\ResourceProvider.h" />
  </ItemGroup>
</Project>